// !$*UTF8*$!
{
	archiveVersion = 1;
	classes = {
	};
	objectVersion = 46;
	objects = {

/* Begin PBXBuildFile section */
		08C878DF1D9A3FC7008E3D89 /* AppDelegate.swift in Sources */ = {isa = PBXBuildFile; fileRef = 08C878DE1D9A3FC7008E3D89 /* AppDelegate.swift */; };
		08C878E11D9A3FC7008E3D89 /* GameScene.sks in Resources */ = {isa = PBXBuildFile; fileRef = 08C878E01D9A3FC7008E3D89 /* GameScene.sks */; };
		08C878E31D9A3FC7008E3D89 /* Actions.sks in Resources */ = {isa = PBXBuildFile; fileRef = 08C878E21D9A3FC7008E3D89 /* Actions.sks */; };
		08C878E51D9A3FC7008E3D89 /* GameScene.swift in Sources */ = {isa = PBXBuildFile; fileRef = 08C878E41D9A3FC7008E3D89 /* GameScene.swift */; };
		08C878E71D9A3FC7008E3D89 /* ViewController.swift in Sources */ = {isa = PBXBuildFile; fileRef = 08C878E61D9A3FC7008E3D89 /* ViewController.swift */; };
		08C878E91D9A3FC7008E3D89 /* Assets.xcassets in Resources */ = {isa = PBXBuildFile; fileRef = 08C878E81D9A3FC7008E3D89 /* Assets.xcassets */; };
		08C878EC1D9A3FC7008E3D89 /* Main.storyboard in Resources */ = {isa = PBXBuildFile; fileRef = 08C878EA1D9A3FC7008E3D89 /* Main.storyboard */; };
		08C878F51D9A40A3008E3D89 /* Liekki.sks in Resources */ = {isa = PBXBuildFile; fileRef = 08C878F31D9A40A3008E3D89 /* Liekki.sks */; };
		08C878F61D9A40A3008E3D89 /* spark.png in Resources */ = {isa = PBXBuildFile; fileRef = 08C878F41D9A40A3008E3D89 /* spark.png */; };
/* End PBXBuildFile section */

/* Begin PBXFileReference section */
		08C878DB1D9A3FC7008E3D89 /* Liekinheitin.app */ = {isa = PBXFileReference; explicitFileType = wrapper.application; includeInIndex = 0; path = Liekinheitin.app; sourceTree = BUILT_PRODUCTS_DIR; };
		08C878DE1D9A3FC7008E3D89 /* AppDelegate.swift */ = {isa = PBXFileReference; lastKnownFileType = sourcecode.swift; path = AppDelegate.swift; sourceTree = "<group>"; };
		08C878E01D9A3FC7008E3D89 /* GameScene.sks */ = {isa = PBXFileReference; lastKnownFileType = file.sks; path = GameScene.sks; sourceTree = "<group>"; };
		08C878E21D9A3FC7008E3D89 /* Actions.sks */ = {isa = PBXFileReference; lastKnownFileType = file.sks; path = Actions.sks; sourceTree = "<group>"; };
		08C878E41D9A3FC7008E3D89 /* GameScene.swift */ = {isa = PBXFileReference; lastKnownFileType = sourcecode.swift; path = GameScene.swift; sourceTree = "<group>"; };
		08C878E61D9A3FC7008E3D89 /* ViewController.swift */ = {isa = PBXFileReference; lastKnownFileType = sourcecode.swift; path = ViewController.swift; sourceTree = "<group>"; };
		08C878E81D9A3FC7008E3D89 /* Assets.xcassets */ = {isa = PBXFileReference; lastKnownFileType = folder.assetcatalog; path = Assets.xcassets; sourceTree = "<group>"; };
		08C878EB1D9A3FC7008E3D89 /* Base */ = {isa = PBXFileReference; lastKnownFileType = file.storyboard; name = Base; path = Base.lproj/Main.storyboard; sourceTree = "<group>"; };
		08C878ED1D9A3FC7008E3D89 /* Info.plist */ = {isa = PBXFileReference; lastKnownFileType = text.plist.xml; path = Info.plist; sourceTree = "<group>"; };
		08C878F31D9A40A3008E3D89 /* Liekki.sks */ = {isa = PBXFileReference; lastKnownFileType = file.sks; name = Liekki.sks; path = ../Liekki.sks; sourceTree = "<group>"; };
		08C878F41D9A40A3008E3D89 /* spark.png */ = {isa = PBXFileReference; lastKnownFileType = image.png; path = spark.png; sourceTree = "<group>"; };
/* End PBXFileReference section */

/* Begin PBXFrameworksBuildPhase section */
		08C878D81D9A3FC6008E3D89 /* Frameworks */ = {
			isa = PBXFrameworksBuildPhase;
			buildActionMask = 2147483647;
			files = (
			);
			runOnlyForDeploymentPostprocessing = 0;
		};
/* End PBXFrameworksBuildPhase section */

/* Begin PBXGroup section */
		08C878D21D9A3FC6008E3D89 = {
			isa = PBXGroup;
			children = (
				08C878F41D9A40A3008E3D89 /* spark.png */,
				08C878DD1D9A3FC7008E3D89 /* Liekinheitin */,
				08C878DC1D9A3FC7008E3D89 /* Products */,
			);
			sourceTree = "<group>";
		};
		08C878DC1D9A3FC7008E3D89 /* Products */ = {
			isa = PBXGroup;
			children = (
				08C878DB1D9A3FC7008E3D89 /* Liekinheitin.app */,
			);
			name = Products;
			sourceTree = "<group>";
		};
		08C878DD1D9A3FC7008E3D89 /* Liekinheitin */ = {
			isa = PBXGroup;
			children = (
				08C878F31D9A40A3008E3D89 /* Liekki.sks */,
				08C878DE1D9A3FC7008E3D89 /* AppDelegate.swift */,
				08C878E01D9A3FC7008E3D89 /* GameScene.sks */,
				08C878E21D9A3FC7008E3D89 /* Actions.sks */,
				08C878E41D9A3FC7008E3D89 /* GameScene.swift */,
				08C878E61D9A3FC7008E3D89 /* ViewController.swift */,
				08C878E81D9A3FC7008E3D89 /* Assets.xcassets */,
				08C878EA1D9A3FC7008E3D89 /* Main.storyboard */,
				08C878ED1D9A3FC7008E3D89 /* Info.plist */,
			);
			path = Liekinheitin;
			sourceTree = "<group>";
		};
/* End PBXGroup section */

/* Begin PBXNativeTarget section */
		08C878DA1D9A3FC6008E3D89 /* Liekinheitin */ = {
			isa = PBXNativeTarget;
			buildConfigurationList = 08C878F01D9A3FC7008E3D89 /* Build configuration list for PBXNativeTarget "Liekinheitin" */;
			buildPhases = (
				08C878D71D9A3FC6008E3D89 /* Sources */,
				08C878D81D9A3FC6008E3D89 /* Frameworks */,
				08C878D91D9A3FC6008E3D89 /* Resources */,
			);
			buildRules = (
			);
			dependencies = (
			);
			name = Liekinheitin;
			productName = Liekinheitin;
			productReference = 08C878DB1D9A3FC7008E3D89 /* Liekinheitin.app */;
			productType = "com.apple.product-type.application";
		};
/* End PBXNativeTarget section */

/* Begin PBXProject section */
		08C878D31D9A3FC6008E3D89 /* Project object */ = {
			isa = PBXProject;
			attributes = {
				LastSwiftUpdateCheck = 0800;
				LastUpgradeCheck = 0800;
				ORGANIZATIONNAME = "Jonne Itkonen";
				TargetAttributes = {
					08C878DA1D9A3FC6008E3D89 = {
						CreatedOnToolsVersion = 8.0;
						ProvisioningStyle = Automatic;
					};
				};
			};
			buildConfigurationList = 08C878D61D9A3FC6008E3D89 /* Build configuration list for PBXProject "Liekinheitin" */;
			compatibilityVersion = "Xcode 3.2";
			developmentRegion = English;
			hasScannedForEncodings = 0;
			knownRegions = (
				en,
				Base,
			);
			mainGroup = 08C878D21D9A3FC6008E3D89;
			productRefGroup = 08C878DC1D9A3FC7008E3D89 /* Products */;
			projectDirPath = "";
			projectRoot = "";
			targets = (
				08C878DA1D9A3FC6008E3D89 /* Liekinheitin */,
			);
		};
/* End PBXProject section */

/* Begin PBXResourcesBuildPhase section */
		08C878D91D9A3FC6008E3D89 /* Resources */ = {
			isa = PBXResourcesBuildPhase;
			buildActionMask = 2147483647;
			files = (
				08C878E11D9A3FC7008E3D89 /* GameScene.sks in Resources */,
				08C878F61D9A40A3008E3D89 /* spark.png in Resources */,
				08C878E91D9A3FC7008E3D89 /* Assets.xcassets in Resources */,
				08C878E31D9A3FC7008E3D89 /* Actions.sks in Resources */,
				08C878EC1D9A3FC7008E3D89 /* Main.storyboard in Resources */,
				08C878F51D9A40A3008E3D89 /* Liekki.sks in Resources */,
			);
			runOnlyForDeploymentPostprocessing = 0;
		};
/* End PBXResourcesBuildPhase section */

/* Begin PBXSourcesBuildPhase section */
		08C878D71D9A3FC6008E3D89 /* Sources */ = {
			isa = PBXSourcesBuildPhase;
			buildActionMask = 2147483647;
			files = (
				08C878E71D9A3FC7008E3D89 /* ViewController.swift in Sources */,
				08C878E51D9A3FC7008E3D89 /* GameScene.swift in Sources */,
				08C878DF1D9A3FC7008E3D89 /* AppDelegate.swift in Sources */,
			);
			runOnlyForDeploymentPostprocessing = 0;
		};
/* End PBXSourcesBuildPhase section */

/* Begin PBXVariantGroup section */
		08C878EA1D9A3FC7008E3D89 /* Main.storyboard */ = {
			isa = PBXVariantGroup;
			children = (
				08C878EB1D9A3FC7008E3D89 /* Base */,
			);
			name = Main.storyboard;
			sourceTree = "<group>";
		};
/* End PBXVariantGroup section */

/* Begin XCBuildConfiguration section */
		08C878EE1D9A3FC7008E3D89 /* Debug */ = {
			isa = XCBuildConfiguration;
			buildSettings = {
				ALWAYS_SEARCH_USER_PATHS = NO;
				CLANG_ANALYZER_NONNULL = YES;
				CLANG_CXX_LANGUAGE_STANDARD = "gnu++0x";
				CLANG_CXX_LIBRARY = "libc++";
				CLANG_ENABLE_MODULES = YES;
				CLANG_ENABLE_OBJC_ARC = YES;
				CLANG_WARN_BOOL_CONVERSION = YES;
				CLANG_WARN_CONSTANT_CONVERSION = YES;
				CLANG_WARN_DIRECT_OBJC_ISA_USAGE = YES_ERROR;
				CLANG_WARN_DOCUMENTATION_COMMENTS = YES;
				CLANG_WARN_EMPTY_BODY = YES;
				CLANG_WARN_ENUM_CONVERSION = YES;
				CLANG_WARN_INFINITE_RECURSION = YES;
				CLANG_WARN_INT_CONVERSION = YES;
				CLANG_WARN_OBJC_ROOT_CLASS = YES_ERROR;
				CLANG_WARN_SUSPICIOUS_MOVES = YES;
				CLANG_WARN_UNREACHABLE_CODE = YES;
				CLANG_WARN__DUPLICATE_METHOD_MATCH = YES;
				CODE_SIGN_IDENTITY = "-";
				COPY_PHASE_STRIP = NO;
				DEBUG_INFORMATION_FORMAT = dwarf;
				ENABLE_STRICT_OBJC_MSGSEND = YES;
				ENABLE_TESTABILITY = YES;
				GCC_C_LANGUAGE_STANDARD = gnu99;
				GCC_DYNAMIC_NO_PIC = NO;
				GCC_NO_COMMON_BLOCKS = YES;
				GCC_OPTIMIZATION_LEVEL = 0;
				GCC_PREPROCESSOR_DEFINITIONS = (
					"DEBUG=1",
					"$(inherited)",
				);
				GCC_WARN_64_TO_32_BIT_CONVERSION = YES;
				GCC_WARN_ABOUT_RETURN_TYPE = YES_ERROR;
				GCC_WARN_UNDECLARED_SELECTOR = YES;
				GCC_WARN_UNINITIALIZED_AUTOS = YES_AGGRESSIVE;
				GCC_WARN_UNUSED_FUNCTION = YES;
				GCC_WARN_UNUSED_VARIABLE = YES;
				MACOSX_DEPLOYMENT_TARGET = 10.12;
				MTL_ENABLE_DEBUG_INFO = YES;
				ONLY_ACTIVE_ARCH = YES;
				SDKROOT = macosx;
				SWIFT_ACTIVE_COMPILATION_CONDITIONS = DEBUG;
				SWIFT_OPTIMIZATION_LEVEL = "-Onone";
			};
			name = Debug;
		};
		08C878EF1D9A3FC7008E3D89 /* Release */ = {
			isa = XCBuildConfiguration;
			buildSettings = {
				ALWAYS_SEARCH_USER_PATHS = NO;
				CLANG_ANALYZER_NONNULL = YES;
				CLANG_CXX_LANGUAGE_STANDARD = "gnu++0x";
				CLANG_CXX_LIBRARY = "libc++";
				CLANG_ENABLE_MODULES = YES;
				CLANG_ENABLE_OBJC_ARC = YES;
				CLANG_WARN_BOOL_CONVERSION = YES;
				CLANG_WARN_CONSTANT_CONVERSION = YES;
				CLANG_WARN_DIRECT_OBJC_ISA_USAGE = YES_ERROR;
				CLANG_WARN_DOCUMENTATION_COMMENTS = YES;
				CLANG_WARN_EMPTY_BODY = YES;
				CLANG_WARN_ENUM_CONVERSION = YES;
				CLANG_WARN_INFINITE_RECURSION = YES;
				CLANG_WARN_INT_CONVERSION = YES;
				CLANG_WARN_OBJC_ROOT_CLASS = YES_ERROR;
				CLANG_WARN_SUSPICIOUS_MOVES = YES;
				CLANG_WARN_UNREACHABLE_CODE = YES;
				CLANG_WARN__DUPLICATE_METHOD_MATCH = YES;
				CODE_SIGN_IDENTITY = "-";
				COPY_PHASE_STRIP = NO;
				DEBUG_INFORMATION_FORMAT = "dwarf-with-dsym";
				ENABLE_NS_ASSERTIONS = NO;
				ENABLE_STRICT_OBJC_MSGSEND = YES;
				GCC_C_LANGUAGE_STANDARD = gnu99;
				GCC_NO_COMMON_BLOCKS = YES;
				GCC_WARN_64_TO_32_BIT_CONVERSION = YES;
				GCC_WARN_ABOUT_RETURN_TYPE = YES_ERROR;
				GCC_WARN_UNDECLARED_SELECTOR = YES;
				GCC_WARN_UNINITIALIZED_AUTOS = YES_AGGRESSIVE;
				GCC_WARN_UNUSED_FUNCTION = YES;
				GCC_WARN_UNUSED_VARIABLE = YES;
				MACOSX_DEPLOYMENT_TARGET = 10.12;
				MTL_ENABLE_DEBUG_INFO = NO;
				SDKROOT = macosx;
				SWIFT_OPTIMIZATION_LEVEL = "-Owholemodule";
			};
			name = Release;
		};
		08C878F11D9A3FC7008E3D89 /* Debug */ = {
			isa = XCBuildConfiguration;
			buildSettings = {
				ASSETCATALOG_COMPILER_APPICON_NAME = AppIcon;
				COMBINE_HIDPI_IMAGES = YES;
				INFOPLIST_FILE = Liekinheitin/Info.plist;
				LD_RUNPATH_SEARCH_PATHS = "$(inherited) @executable_path/../Frameworks";
				PRODUCT_BUNDLE_IDENTIFIER = fi.itkonen.jonne.Liekinheitin;
				PRODUCT_NAME = "$(TARGET_NAME)";
				SWIFT_VERSION = 3.0;
			};
			name = Debug;
		};
		08C878F21D9A3FC7008E3D89 /* Release */ = {
			isa = XCBuildConfiguration;
			buildSettings = {
				ASSETCATALOG_COMPILER_APPICON_NAME = AppIcon;
				COMBINE_HIDPI_IMAGES = YES;
				INFOPLIST_FILE = Liekinheitin/Info.plist;
				LD_RUNPATH_SEARCH_PATHS = "$(inherited) @executable_path/../Frameworks";
				PRODUCT_BUNDLE_IDENTIFIER = fi.itkonen.jonne.Liekinheitin;
				PRODUCT_NAME = "$(TARGET_NAME)";
				SWIFT_VERSION = 3.0;
			};
			name = Release;
		};
/* End XCBuildConfiguration section */

/* Begin XCConfigurationList section */
		08C878D61D9A3FC6008E3D89 /* Build configuration list for PBXProject "Liekinheitin" */ = {
			isa = XCConfigurationList;
			buildConfigurations = (
				08C878EE1D9A3FC7008E3D89 /* Debug */,
				08C878EF1D9A3FC7008E3D89 /* Release */,
			);
			defaultConfigurationIsVisible = 0;
			defaultConfigurationName = Release;
		};
		08C878F01D9A3FC7008E3D89 /* Build configuration list for PBXNativeTarget "Liekinheitin" */ = {
			isa = XCConfigurationList;
			buildConfigurations = (
				08C878F11D9A3FC7008E3D89 /* Debug */,
				08C878F21D9A3FC7008E3D89 /* Release */,
			);
			defaultConfigurationIsVisible = 0;
		};
/* End XCConfigurationList section */
	};
	rootObject = 08C878D31D9A3FC6008E3D89 /* Project object */;
}
